
Microsoft Visual Studio Solution File, Format Version 12.00
# Visual Studio 15
VisualStudioVersion = 15.0.28307.421
MinimumVisualStudioVersion = 10.0.40219.1
Project("{FAE04EC0-301F-11D3-BF4B-00C04F79EFBC}") = "Outliner", "Outliner\Outliner.csproj", "{FF9835AB-A861-436D-8A22-24E74D8F9DDE}"
EndProject
Global
	GlobalSection(SolutionConfigurationPlatforms) = preSolution
		Debug|Any CPU = Debug|Any CPU
		Release|Any CPU = Release|Any CPU
	EndGlobalSection
	GlobalSection(ProjectConfigurationPlatforms) = postSolution
		{FF9835AB-A861-436D-8A22-24E74D8F9DDE}.Debug|Any CPU.ActiveCfg = Debug|Any CPU
		{FF9835AB-A861-436D-8A22-24E74D8F9DDE}.Debug|Any CPU.Build.0 = Debug|Any CPU
		{FF9835AB-A861-436D-8A22-24E74D8F9DDE}.Release|Any CPU.ActiveCfg = Release|Any CPU
		{FF9835AB-A861-436D-8A22-24E74D8F9DDE}.Release|Any CPU.Build.0 = Release|Any CPU
	EndGlobalSection
	GlobalSection(SolutionProperties) = preSolution
		HideSolutionNode = FALSE
	EndGlobalSection
	GlobalSection(ExtensibilityGlobals) = postSolution
		SolutionGuid = {0A215F90-3DF7-4E92-8D8F-D7BED9E97101}
	EndGlobalSection
EndGlobal
